// !$*UTF8*$!
{
	archiveVersion = 1;
	classes = {
	};
	objectVersion = 50;
	objects = {

/* Begin PBXBuildFile section */
		73E33A6A250798980010BE91 /* AppDelegate.swift in Sources */ = {isa = PBXBuildFile; fileRef = 73E33A69250798980010BE91 /* AppDelegate.swift */; };
		73E33A6C250798980010BE91 /* SceneDelegate.swift in Sources */ = {isa = PBXBuildFile; fileRef = 73E33A6B250798980010BE91 /* SceneDelegate.swift */; };
		73E33A6E250798980010BE91 /* ViewController.swift in Sources */ = {isa = PBXBuildFile; fileRef = 73E33A6D250798980010BE91 /* ViewController.swift */; };
		73E33A71250798980010BE91 /* Main.storyboard in Resources */ = {isa = PBXBuildFile; fileRef = 73E33A6F250798980010BE91 /* Main.storyboard */; };
		73E33A732507989E0010BE91 /* Assets.xcassets in Resources */ = {isa = PBXBuildFile; fileRef = 73E33A722507989E0010BE91 /* Assets.xcassets */; };
		73E33A762507989E0010BE91 /* LaunchScreen.storyboard in Resources */ = {isa = PBXBuildFile; fileRef = 73E33A742507989E0010BE91 /* LaunchScreen.storyboard */; };
		73E33A812507989E0010BE91 /* testTests.swift in Sources */ = {isa = PBXBuildFile; fileRef = 73E33A802507989E0010BE91 /* testTests.swift */; };
		73E33A8C2507989F0010BE91 /* testUITests.swift in Sources */ = {isa = PBXBuildFile; fileRef = 73E33A8B2507989F0010BE91 /* testUITests.swift */; };
/* End PBXBuildFile section */

/* Begin PBXContainerItemProxy section */
		73E33A7D2507989E0010BE91 /* PBXContainerItemProxy */ = {
			isa = PBXContainerItemProxy;
			containerPortal = 73E33A5E250798980010BE91 /* Project object */;
			proxyType = 1;
			remoteGlobalIDString = 73E33A65250798980010BE91;
			remoteInfo = test;
		};
		73E33A882507989F0010BE91 /* PBXContainerItemProxy */ = {
			isa = PBXContainerItemProxy;
			containerPortal = 73E33A5E250798980010BE91 /* Project object */;
			proxyType = 1;
			remoteGlobalIDString = 73E33A65250798980010BE91;
			remoteInfo = test;
		};
/* End PBXContainerItemProxy section */

/* Begin PBXFileReference section */
		73E33A66250798980010BE91 /* test.app */ = {isa = PBXFileReference; explicitFileType = wrapper.application; includeInIndex = 0; path = test.app; sourceTree = BUILT_PRODUCTS_DIR; };
		73E33A69250798980010BE91 /* AppDelegate.swift */ = {isa = PBXFileReference; lastKnownFileType = sourcecode.swift; path = AppDelegate.swift; sourceTree = "<group>"; };
		73E33A6B250798980010BE91 /* SceneDelegate.swift */ = {isa = PBXFileReference; lastKnownFileType = sourcecode.swift; path = SceneDelegate.swift; sourceTree = "<group>"; };
		73E33A6D250798980010BE91 /* ViewController.swift */ = {isa = PBXFileReference; lastKnownFileType = sourcecode.swift; path = ViewController.swift; sourceTree = "<group>"; };
		73E33A70250798980010BE91 /* Base */ = {isa = PBXFileReference; lastKnownFileType = file.storyboard; name = Base; path = Base.lproj/Main.storyboard; sourceTree = "<group>"; };
		73E33A722507989E0010BE91 /* Assets.xcassets */ = {isa = PBXFileReference; lastKnownFileType = folder.assetcatalog; path = Assets.xcassets; sourceTree = "<group>"; };
		73E33A752507989E0010BE91 /* Base */ = {isa = PBXFileReference; lastKnownFileType = file.storyboard; name = Base; path = Base.lproj/LaunchScreen.storyboard; sourceTree = "<group>"; };
		73E33A772507989E0010BE91 /* Info.plist */ = {isa = PBXFileReference; lastKnownFileType = text.plist.xml; path = Info.plist; sourceTree = "<group>"; };
		73E33A7C2507989E0010BE91 /* testTests.xctest */ = {isa = PBXFileReference; explicitFileType = wrapper.cfbundle; includeInIndex = 0; path = testTests.xctest; sourceTree = BUILT_PRODUCTS_DIR; };
		73E33A802507989E0010BE91 /* testTests.swift */ = {isa = PBXFileReference; lastKnownFileType = sourcecode.swift; path = testTests.swift; sourceTree = "<group>"; };
		73E33A822507989E0010BE91 /* Info.plist */ = {isa = PBXFileReference; lastKnownFileType = text.plist.xml; path = Info.plist; sourceTree = "<group>"; };
		73E33A872507989F0010BE91 /* testUITests.xctest */ = {isa = PBXFileReference; explicitFileType = wrapper.cfbundle; includeInIndex = 0; path = testUITests.xctest; sourceTree = BUILT_PRODUCTS_DIR; };
		73E33A8B2507989F0010BE91 /* testUITests.swift */ = {isa = PBXFileReference; lastKnownFileType = sourcecode.swift; path = testUITests.swift; sourceTree = "<group>"; };
		73E33A8D2507989F0010BE91 /* Info.plist */ = {isa = PBXFileReference; lastKnownFileType = text.plist.xml; path = Info.plist; sourceTree = "<group>"; };
/* End PBXFileReference section */

/* Begin PBXFrameworksBuildPhase section */
		73E33A63250798980010BE91 /* Frameworks */ = {
			isa = PBXFrameworksBuildPhase;
			buildActionMask = 2147483647;
			files = (
			);
			runOnlyForDeploymentPostprocessing = 0;
		};
		73E33A792507989E0010BE91 /* Frameworks */ = {
			isa = PBXFrameworksBuildPhase;
			buildActionMask = 2147483647;
			files = (
			);
			runOnlyForDeploymentPostprocessing = 0;
		};
		73E33A842507989F0010BE91 /* Frameworks */ = {
			isa = PBXFrameworksBuildPhase;
			buildActionMask = 2147483647;
			files = (
			);
			runOnlyForDeploymentPostprocessing = 0;
		};
/* End PBXFrameworksBuildPhase section */

/* Begin PBXGroup section */
		73E33A5D250798980010BE91 = {
			isa = PBXGroup;
			children = (
				73E33A68250798980010BE91 /* test */,
				73E33A7F2507989E0010BE91 /* testTests */,
				73E33A8A2507989F0010BE91 /* testUITests */,
				73E33A67250798980010BE91 /* Products */,
			);
			sourceTree = "<group>";
		};
		73E33A67250798980010BE91 /* Products */ = {
			isa = PBXGroup;
			children = (
				73E33A66250798980010BE91 /* test.app */,
				73E33A7C2507989E0010BE91 /* testTests.xctest */,
				73E33A872507989F0010BE91 /* testUITests.xctest */,
			);
			name = Products;
			sourceTree = "<group>";
		};
		73E33A68250798980010BE91 /* test */ = {
			isa = PBXGroup;
			children = (
				73E33A69250798980010BE91 /* AppDelegate.swift */,
				73E33A6B250798980010BE91 /* SceneDelegate.swift */,
				73E33A6D250798980010BE91 /* ViewController.swift */,
				73E33A6F250798980010BE91 /* Main.storyboard */,
				73E33A722507989E0010BE91 /* Assets.xcassets */,
				73E33A742507989E0010BE91 /* LaunchScreen.storyboard */,
				73E33A772507989E0010BE91 /* Info.plist */,
			);
			path = test;
			sourceTree = "<group>";
		};
		73E33A7F2507989E0010BE91 /* testTests */ = {
			isa = PBXGroup;
			children = (
				73E33A802507989E0010BE91 /* testTests.swift */,
				73E33A822507989E0010BE91 /* Info.plist */,
			);
			path = testTests;
			sourceTree = "<group>";
		};
		73E33A8A2507989F0010BE91 /* testUITests */ = {
			isa = PBXGroup;
			children = (
				73E33A8B2507989F0010BE91 /* testUITests.swift */,
				73E33A8D2507989F0010BE91 /* Info.plist */,
			);
			path = testUITests;
			sourceTree = "<group>";
		};
/* End PBXGroup section */

/* Begin PBXNativeTarget section */
		73E33A65250798980010BE91 /* test */ = {
			isa = PBXNativeTarget;
			buildConfigurationList = 73E33A902507989F0010BE91 /* Build configuration list for PBXNativeTarget "test" */;
			buildPhases = (
				73E33A62250798980010BE91 /* Sources */,
				73E33A63250798980010BE91 /* Frameworks */,
				73E33A64250798980010BE91 /* Resources */,
			);
			buildRules = (
			);
			dependencies = (
			);
			name = test;
			productName = test;
			productReference = 73E33A66250798980010BE91 /* test.app */;
			productType = "com.apple.product-type.application";
		};
		73E33A7B2507989E0010BE91 /* testTests */ = {
			isa = PBXNativeTarget;
			buildConfigurationList = 73E33A932507989F0010BE91 /* Build configuration list for PBXNativeTarget "testTests" */;
			buildPhases = (
				73E33A782507989E0010BE91 /* Sources */,
				73E33A792507989E0010BE91 /* Frameworks */,
				73E33A7A2507989E0010BE91 /* Resources */,
			);
			buildRules = (
			);
			dependencies = (
				73E33A7E2507989E0010BE91 /* PBXTargetDependency */,
			);
			name = testTests;
			productName = testTests;
			productReference = 73E33A7C2507989E0010BE91 /* testTests.xctest */;
			productType = "com.apple.product-type.bundle.unit-test";
		};
		73E33A862507989F0010BE91 /* testUITests */ = {
			isa = PBXNativeTarget;
			buildConfigurationList = 73E33A962507989F0010BE91 /* Build configuration list for PBXNativeTarget "testUITests" */;
			buildPhases = (
				73E33A832507989F0010BE91 /* Sources */,
				73E33A842507989F0010BE91 /* Frameworks */,
				73E33A852507989F0010BE91 /* Resources */,
			);
			buildRules = (
			);
			dependencies = (
				73E33A892507989F0010BE91 /* PBXTargetDependency */,
			);
			name = testUITests;
			productName = testUITests;
			productReference = 73E33A872507989F0010BE91 /* testUITests.xctest */;
			productType = "com.apple.product-type.bundle.ui-testing";
		};
/* End PBXNativeTarget section */

/* Begin PBXProject section */
		73E33A5E250798980010BE91 /* Project object */ = {
			isa = PBXProject;
			attributes = {
				LastSwiftUpdateCheck = 1170;
				LastUpgradeCheck = 1170;
				ORGANIZATIONNAME = "笹倉一也";
				TargetAttributes = {
					73E33A65250798980010BE91 = {
						CreatedOnToolsVersion = 11.7;
					};
					73E33A7B2507989E0010BE91 = {
						CreatedOnToolsVersion = 11.7;
						TestTargetID = 73E33A65250798980010BE91;
					};
					73E33A862507989F0010BE91 = {
						CreatedOnToolsVersion = 11.7;
						TestTargetID = 73E33A65250798980010BE91;
					};
				};
			};
			buildConfigurationList = 73E33A61250798980010BE91 /* Build configuration list for PBXProject "test" */;
			compatibilityVersion = "Xcode 9.3";
			developmentRegion = en;
			hasScannedForEncodings = 0;
			knownRegions = (
				en,
				Base,
			);
			mainGroup = 73E33A5D250798980010BE91;
			productRefGroup = 73E33A67250798980010BE91 /* Products */;
			projectDirPath = "";
			projectRoot = "";
			targets = (
				73E33A65250798980010BE91 /* test */,
				73E33A7B2507989E0010BE91 /* testTests */,
				73E33A862507989F0010BE91 /* testUITests */,
			);
		};
/* End PBXProject section */

/* Begin PBXResourcesBuildPhase section */
		73E33A64250798980010BE91 /* Resources */ = {
			isa = PBXResourcesBuildPhase;
			buildActionMask = 2147483647;
			files = (
				73E33A762507989E0010BE91 /* LaunchScreen.storyboard in Resources */,
				73E33A732507989E0010BE91 /* Assets.xcassets in Resources */,
				73E33A71250798980010BE91 /* Main.storyboard in Resources */,
			);
			runOnlyForDeploymentPostprocessing = 0;
		};
		73E33A7A2507989E0010BE91 /* Resources */ = {
			isa = PBXResourcesBuildPhase;
			buildActionMask = 2147483647;
			files = (
			);
			runOnlyForDeploymentPostprocessing = 0;
		};
		73E33A852507989F0010BE91 /* Resources */ = {
			isa = PBXResourcesBuildPhase;
			buildActionMask = 2147483647;
			files = (
			);
			runOnlyForDeploymentPostprocessing = 0;
		};
/* End PBXResourcesBuildPhase section */

/* Begin PBXSourcesBuildPhase section */
		73E33A62250798980010BE91 /* Sources */ = {
			isa = PBXSourcesBuildPhase;
			buildActionMask = 2147483647;
			files = (
				73E33A6E250798980010BE91 /* ViewController.swift in Sources */,
				73E33A6A250798980010BE91 /* AppDelegate.swift in Sources */,
				73E33A6C250798980010BE91 /* SceneDelegate.swift in Sources */,
			);
			runOnlyForDeploymentPostprocessing = 0;
		};
		73E33A782507989E0010BE91 /* Sources */ = {
			isa = PBXSourcesBuildPhase;
			buildActionMask = 2147483647;
			files = (
				73E33A812507989E0010BE91 /* testTests.swift in Sources */,
			);
			runOnlyForDeploymentPostprocessing = 0;
		};
		73E33A832507989F0010BE91 /* Sources */ = {
			isa = PBXSourcesBuildPhase;
			buildActionMask = 2147483647;
			files = (
				73E33A8C2507989F0010BE91 /* testUITests.swift in Sources */,
			);
			runOnlyForDeploymentPostprocessing = 0;
		};
/* End PBXSourcesBuildPhase section */

/* Begin PBXTargetDependency section */
		73E33A7E2507989E0010BE91 /* PBXTargetDependency */ = {
			isa = PBXTargetDependency;
			target = 73E33A65250798980010BE91 /* test */;
			targetProxy = 73E33A7D2507989E0010BE91 /* PBXContainerItemProxy */;
		};
		73E33A892507989F0010BE91 /* PBXTargetDependency */ = {
			isa = PBXTargetDependency;
			target = 73E33A65250798980010BE91 /* test */;
			targetProxy = 73E33A882507989F0010BE91 /* PBXContainerItemProxy */;
		};
/* End PBXTargetDependency section */

/* Begin PBXVariantGroup section */
		73E33A6F250798980010BE91 /* Main.storyboard */ = {
			isa = PBXVariantGroup;
			children = (
				73E33A70250798980010BE91 /* Base */,
			);
			name = Main.storyboard;
			sourceTree = "<group>";
		};
		73E33A742507989E0010BE91 /* LaunchScreen.storyboard */ = {
			isa = PBXVariantGroup;
			children = (
				73E33A752507989E0010BE91 /* Base */,
			);
			name = LaunchScreen.storyboard;
			sourceTree = "<group>";
		};
/* End PBXVariantGroup section */

/* Begin XCBuildConfiguration section */
		73E33A8E2507989F0010BE91 /* Debug */ = {
			isa = XCBuildConfiguration;
			buildSettings = {
				ALWAYS_SEARCH_USER_PATHS = NO;
				CLANG_ANALYZER_NONNULL = YES;
				CLANG_ANALYZER_NUMBER_OBJECT_CONVERSION = YES_AGGRESSIVE;
				CLANG_CXX_LANGUAGE_STANDARD = "gnu++14";
				CLANG_CXX_LIBRARY = "libc++";
				CLANG_ENABLE_MODULES = YES;
				CLANG_ENABLE_OBJC_ARC = YES;
				CLANG_ENABLE_OBJC_WEAK = YES;
				CLANG_WARN_BLOCK_CAPTURE_AUTORELEASING = YES;
				CLANG_WARN_BOOL_CONVERSION = YES;
				CLANG_WARN_COMMA = YES;
				CLANG_WARN_CONSTANT_CONVERSION = YES;
				CLANG_WARN_DEPRECATED_OBJC_IMPLEMENTATIONS = YES;
				CLANG_WARN_DIRECT_OBJC_ISA_USAGE = YES_ERROR;
				CLANG_WARN_DOCUMENTATION_COMMENTS = YES;
				CLANG_WARN_EMPTY_BODY = YES;
				CLANG_WARN_ENUM_CONVERSION = YES;
				CLANG_WARN_INFINITE_RECURSION = YES;
				CLANG_WARN_INT_CONVERSION = YES;
				CLANG_WARN_NON_LITERAL_NULL_CONVERSION = YES;
				CLANG_WARN_OBJC_IMPLICIT_RETAIN_SELF = YES;
				CLANG_WARN_OBJC_LITERAL_CONVERSION = YES;
				CLANG_WARN_OBJC_ROOT_CLASS = YES_ERROR;
				CLANG_WARN_RANGE_LOOP_ANALYSIS = YES;
				CLANG_WARN_STRICT_PROTOTYPES = YES;
				CLANG_WARN_SUSPICIOUS_MOVE = YES;
				CLANG_WARN_UNGUARDED_AVAILABILITY = YES_AGGRESSIVE;
				CLANG_WARN_UNREACHABLE_CODE = YES;
				CLANG_WARN__DUPLICATE_METHOD_MATCH = YES;
				COPY_PHASE_STRIP = NO;
				DEBUG_INFORMATION_FORMAT = dwarf;
				ENABLE_STRICT_OBJC_MSGSEND = YES;
				ENABLE_TESTABILITY = YES;
				GCC_C_LANGUAGE_STANDARD = gnu11;
				GCC_DYNAMIC_NO_PIC = NO;
				GCC_NO_COMMON_BLOCKS = YES;
				GCC_OPTIMIZATION_LEVEL = 0;
				GCC_PREPROCESSOR_DEFINITIONS = (
					"DEBUG=1",
					"$(inherited)",
				);
				GCC_WARN_64_TO_32_BIT_CONVERSION = YES;
				GCC_WARN_ABOUT_RETURN_TYPE = YES_ERROR;
				GCC_WARN_UNDECLARED_SELECTOR = YES;
				GCC_WARN_UNINITIALIZED_AUTOS = YES_AGGRESSIVE;
				GCC_WARN_UNUSED_FUNCTION = YES;
				GCC_WARN_UNUSED_VARIABLE = YES;
				IPHONEOS_DEPLOYMENT_TARGET = 13.7;
				MTL_ENABLE_DEBUG_INFO = INCLUDE_SOURCE;
				MTL_FAST_MATH = YES;
				ONLY_ACTIVE_ARCH = YES;
				SDKROOT = iphoneos;
				SWIFT_ACTIVE_COMPILATION_CONDITIONS = DEBUG;
				SWIFT_OPTIMIZATION_LEVEL = "-Onone";
			};
			name = Debug;
		};
		73E33A8F2507989F0010BE91 /* Release */ = {
			isa = XCBuildConfiguration;
			buildSettings = {
				ALWAYS_SEARCH_USER_PATHS = NO;
				CLANG_ANALYZER_NONNULL = YES;
				CLANG_ANALYZER_NUMBER_OBJECT_CONVERSION = YES_AGGRESSIVE;
				CLANG_CXX_LANGUAGE_STANDARD = "gnu++14";
				CLANG_CXX_LIBRARY = "libc++";
				CLANG_ENABLE_MODULES = YES;
				CLANG_ENABLE_OBJC_ARC = YES;
				CLANG_ENABLE_OBJC_WEAK = YES;
				CLANG_WARN_BLOCK_CAPTURE_AUTORELEASING = YES;
				CLANG_WARN_BOOL_CONVERSION = YES;
				CLANG_WARN_COMMA = YES;
				CLANG_WARN_CONSTANT_CONVERSION = YES;
				CLANG_WARN_DEPRECATED_OBJC_IMPLEMENTATIONS = YES;
				CLANG_WARN_DIRECT_OBJC_ISA_USAGE = YES_ERROR;
				CLANG_WARN_DOCUMENTATION_COMMENTS = YES;
				CLANG_WARN_EMPTY_BODY = YES;
				CLANG_WARN_ENUM_CONVERSION = YES;
				CLANG_WARN_INFINITE_RECURSION = YES;
				CLANG_WARN_INT_CONVERSION = YES;
				CLANG_WARN_NON_LITERAL_NULL_CONVERSION = YES;
				CLANG_WARN_OBJC_IMPLICIT_RETAIN_SELF = YES;
				CLANG_WARN_OBJC_LITERAL_CONVERSION = YES;
				CLANG_WARN_OBJC_ROOT_CLASS = YES_ERROR;
				CLANG_WARN_RANGE_LOOP_ANALYSIS = YES;
				CLANG_WARN_STRICT_PROTOTYPES = YES;
				CLANG_WARN_SUSPICIOUS_MOVE = YES;
				CLANG_WARN_UNGUARDED_AVAILABILITY = YES_AGGRESSIVE;
				CLANG_WARN_UNREACHABLE_CODE = YES;
				CLANG_WARN__DUPLICATE_METHOD_MATCH = YES;
				COPY_PHASE_STRIP = NO;
				DEBUG_INFORMATION_FORMAT = "dwarf-with-dsym";
				ENABLE_NS_ASSERTIONS = NO;
				ENABLE_STRICT_OBJC_MSGSEND = YES;
				GCC_C_LANGUAGE_STANDARD = gnu11;
				GCC_NO_COMMON_BLOCKS = YES;
				GCC_WARN_64_TO_32_BIT_CONVERSION = YES;
				GCC_WARN_ABOUT_RETURN_TYPE = YES_ERROR;
				GCC_WARN_UNDECLARED_SELECTOR = YES;
				GCC_WARN_UNINITIALIZED_AUTOS = YES_AGGRESSIVE;
				GCC_WARN_UNUSED_FUNCTION = YES;
				GCC_WARN_UNUSED_VARIABLE = YES;
				IPHONEOS_DEPLOYMENT_TARGET = 13.7;
				MTL_ENABLE_DEBUG_INFO = NO;
				MTL_FAST_MATH = YES;
				SDKROOT = iphoneos;
				SWIFT_COMPILATION_MODE = wholemodule;
				SWIFT_OPTIMIZATION_LEVEL = "-O";
				VALIDATE_PRODUCT = YES;
			};
			name = Release;
		};
		73E33A912507989F0010BE91 /* Debug */ = {
			isa = XCBuildConfiguration;
			buildSettings = {
				ASSETCATALOG_COMPILER_APPICON_NAME = AppIcon;
				CODE_SIGN_STYLE = Automatic;
				DEVELOPMENT_TEAM = VNAV5S2KU6;
				INFOPLIST_FILE = test/Info.plist;
				LD_RUNPATH_SEARCH_PATHS = (
					"$(inherited)",
					"@executable_path/Frameworks",
				);
				PRODUCT_BUNDLE_IDENTIFIER = sasakura.company.test;
				PRODUCT_NAME = "$(TARGET_NAME)";
				SWIFT_VERSION = 5.0;
				TARGETED_DEVICE_FAMILY = "1,2";
			};
			name = Debug;
		};
		73E33A922507989F0010BE91 /* Release */ = {
			isa = XCBuildConfiguration;
			buildSettings = {
				ASSETCATALOG_COMPILER_APPICON_NAME = AppIcon;
				CODE_SIGN_STYLE = Automatic;
				DEVELOPMENT_TEAM = VNAV5S2KU6;
				INFOPLIST_FILE = test/Info.plist;
				LD_RUNPATH_SEARCH_PATHS = (
					"$(inherited)",
					"@executable_path/Frameworks",
				);
				PRODUCT_BUNDLE_IDENTIFIER = sasakura.company.test;
				PRODUCT_NAME = "$(TARGET_NAME)";
				SWIFT_VERSION = 5.0;
				TARGETED_DEVICE_FAMILY = "1,2";
			};
			name = Release;
		};
		73E33A942507989F0010BE91 /* Debug */ = {
			isa = XCBuildConfiguration;
			buildSettings = {
				ALWAYS_EMBED_SWIFT_STANDARD_LIBRARIES = YES;
				BUNDLE_LOADER = "$(TEST_HOST)";
				CODE_SIGN_STYLE = Automatic;
				DEVELOPMENT_TEAM = VNAV5S2KU6;
				INFOPLIST_FILE = testTests/Info.plist;
				IPHONEOS_DEPLOYMENT_TARGET = 13.7;
				LD_RUNPATH_SEARCH_PATHS = (
					"$(inherited)",
					"@executable_path/Frameworks",
					"@loader_path/Frameworks",
				);
				PRODUCT_BUNDLE_IDENTIFIER = sasakura.company.testTests;
				PRODUCT_NAME = "$(TARGET_NAME)";
				SWIFT_VERSION = 5.0;
				TARGETED_DEVICE_FAMILY = "1,2";
				TEST_HOST = "$(BUILT_PRODUCTS_DIR)/test.app/test";
			};
			name = Debug;
		};
		73E33A952507989F0010BE91 /* Release */ = {
			isa = XCBuildConfiguration;
			buildSettings = {
				ALWAYS_EMBED_SWIFT_STANDARD_LIBRARIES = YES;
				BUNDLE_LOADER = "$(TEST_HOST)";
				CODE_SIGN_STYLE = Automatic;
				DEVELOPMENT_TEAM = VNAV5S2KU6;
				INFOPLIST_FILE = testTests/Info.plist;
				IPHONEOS_DEPLOYMENT_TARGET = 13.7;
				LD_RUNPATH_SEARCH_PATHS = (
					"$(inherited)",
					"@executable_path/Frameworks",
					"@loader_path/Frameworks",
				);
				PRODUCT_BUNDLE_IDENTIFIER = sasakura.company.testTests;
				PRODUCT_NAME = "$(TARGET_NAME)";
				SWIFT_VERSION = 5.0;
				TARGETED_DEVICE_FAMILY = "1,2";
				TEST_HOST = "$(BUILT_PRODUCTS_DIR)/test.app/test";
			};
			name = Release;
		};
		73E33A972507989F0010BE91 /* Debug */ = {
			isa = XCBuildConfiguration;
			buildSettings = {
				ALWAYS_EMBED_SWIFT_STANDARD_LIBRARIES = YES;
				CODE_SIGN_STYLE = Automatic;
				DEVELOPMENT_TEAM = VNAV5S2KU6;
				INFOPLIST_FILE = testUITests/Info.plist;
				LD_RUNPATH_SEARCH_PATHS = (
					"$(inherited)",
					"@executable_path/Frameworks",
					"@loader_path/Frameworks",
				);
				PRODUCT_BUNDLE_IDENTIFIER = sasakura.company.testUITests;
				PRODUCT_NAME = "$(TARGET_NAME)";
				SWIFT_VERSION = 5.0;
				TARGETED_DEVICE_FAMILY = "1,2";
				TEST_TARGET_NAME = test;
			};
			name = Debug;
		};
		73E33A982507989F0010BE91 /* Release */ = {
			isa = XCBuildConfiguration;
			buildSettings = {
				ALWAYS_EMBED_SWIFT_STANDARD_LIBRARIES = YES;
				CODE_SIGN_STYLE = Automatic;
				DEVELOPMENT_TEAM = VNAV5S2KU6;
				INFOPLIST_FILE = testUITests/Info.plist;
				LD_RUNPATH_SEARCH_PATHS = (
					"$(inherited)",
					"@executable_path/Frameworks",
					"@loader_path/Frameworks",
				);
				PRODUCT_BUNDLE_IDENTIFIER = sasakura.company.testUITests;
				PRODUCT_NAME = "$(TARGET_NAME)";
				SWIFT_VERSION = 5.0;
				TARGETED_DEVICE_FAMILY = "1,2";
				TEST_TARGET_NAME = test;
			};
			name = Release;
		};
/* End XCBuildConfiguration section */

/* Begin XCConfigurationList section */
		73E33A61250798980010BE91 /* Build configuration list for PBXProject "test" */ = {
			isa = XCConfigurationList;
			buildConfigurations = (
				73E33A8E2507989F0010BE91 /* Debug */,
				73E33A8F2507989F0010BE91 /* Release */,
			);
			defaultConfigurationIsVisible = 0;
			defaultConfigurationName = Release;
		};
		73E33A902507989F0010BE91 /* Build configuration list for PBXNativeTarget "test" */ = {
			isa = XCConfigurationList;
			buildConfigurations = (
				73E33A912507989F0010BE91 /* Debug */,
				73E33A922507989F0010BE91 /* Release */,
			);
			defaultConfigurationIsVisible = 0;
			defaultConfigurationName = Release;
		};
		73E33A932507989F0010BE91 /* Build configuration list for PBXNativeTarget "testTests" */ = {
			isa = XCConfigurationList;
			buildConfigurations = (
				73E33A942507989F0010BE91 /* Debug */,
				73E33A952507989F0010BE91 /* Release */,
			);
			defaultConfigurationIsVisible = 0;
			defaultConfigurationName = Release;
		};
		73E33A962507989F0010BE91 /* Build configuration list for PBXNativeTarget "testUITests" */ = {
			isa = XCConfigurationList;
			buildConfigurations = (
				73E33A972507989F0010BE91 /* Debug */,
				73E33A982507989F0010BE91 /* Release */,
			);
			defaultConfigurationIsVisible = 0;
			defaultConfigurationName = Release;
		};
/* End XCConfigurationList section */
	};
	rootObject = 73E33A5E250798980010BE91 /* Project object */;
}
